
Microsoft Visual Studio Solution File, Format Version 12.00
# Visual Studio Version 17
VisualStudioVersion = 17.11.35208.52
MinimumVisualStudioVersion = 10.0.40219.1
Project("{FAE04EC0-301F-11D3-BF4B-00C04F79EFBC}") = "EMU", "EMU.csproj", "{7A971923-A115-48B2-94D7-BB075E2A7F37}"
EndProject
Global
	GlobalSection(SolutionConfigurationPlatforms) = preSolution
		Debug|Any CPU = Debug|Any CPU
		Release|Any CPU = Release|Any CPU
	EndGlobalSection
	GlobalSection(ProjectConfigurationPlatforms) = postSolution
		{7A971923-A115-48B2-94D7-BB075E2A7F37}.Debug|Any CPU.ActiveCfg = Debug|Any CPU
		{7A971923-A115-48B2-94D7-BB075E2A7F37}.Debug|Any CPU.Build.0 = Debug|Any CPU
		{7A971923-A115-48B2-94D7-BB075E2A7F37}.Release|Any CPU.ActiveCfg = Release|Any CPU
		{7A971923-A115-48B2-94D7-BB075E2A7F37}.Release|Any CPU.Build.0 = Release|Any CPU
	EndGlobalSection
	GlobalSection(SolutionProperties) = preSolution
		HideSolutionNode = FALSE
	EndGlobalSection
	GlobalSection(ExtensibilityGlobals) = postSolution
		SolutionGuid = {CE4A8800-E58A-4CF0-A6D7-73594B28EE1C}
	EndGlobalSection
EndGlobal
